{
  "version": "5",
  "redirects": {
    "https://esm.sh/@supabase/supabase-js@2": "https://esm.sh/@supabase/supabase-js@2.93.2",
    "https://esm.sh/iceberg-js@^0.8.1?target=denonext": "https://esm.sh/iceberg-js@0.8.1?target=denonext"
  },
  "remote": {
    "https://edge.netlify.com/": "fd941d61d88673d5f28aab283fb86fcc50f08a3bc80ee5470498fcfa88c65cfb",
    "https://edge.netlify.com/bootstrap/config.ts": "6a2ce0e544e15e8f8883a5c18da5948e37fd0f2619f68cb31f3af53c51817025",
    "https://edge.netlify.com/bootstrap/context.ts": "e97240232121e2f369f6546ce961490f34d961ea1ea54be3ff09633e3f08373f",
    "https://edge.netlify.com/bootstrap/cookie.ts": "8b0baae708989ca183c6f3b4ab3d029e6abcbc2e43f93edeb0ff447b3bbc3a05",
    "https://edge.netlify.com/bootstrap/edge_function.ts": "b8253e86aa83c67341f5cfedeba5049d77fbf84dcab7eceff7566b7728ae9b39",
    "https://edge.netlify.com/bootstrap/globals/types.ts": "eaa6148ded3121d8dee62dd91c86e7fe76601df0f3ca8d7962243a30f4c8935f",
    "https://esm.sh/@supabase/auth-js@2.93.2/denonext/auth-js.mjs": "e016afdd5511c2a3fcce7597db4cb35b74d5a94c11d06c876d923c07c8f4294c",
    "https://esm.sh/@supabase/functions-js@2.93.2/denonext/functions-js.mjs": "0dad3943dd8124afc2a337f3e34e8e3b8579b6dd441d180b67b9889867d52dae",
    "https://esm.sh/@supabase/postgrest-js@2.93.2/denonext/postgrest-js.mjs": "aa39c48e0c6a905b7ffc6487625d2ce2e65f3ad12d11f6120a9952da6b55ffee",
    "https://esm.sh/@supabase/realtime-js@2.93.2/denonext/realtime-js.mjs": "c4830ec28db7279301ee71dd63b4450595380f5f2b2d6a3b19d42dbca5495ca4",
    "https://esm.sh/@supabase/storage-js@2.93.2/denonext/storage-js.mjs": "87005b2cb983a4954c3c56a3fe75455c6d6e3198c37d21ed3281f4f8ee4d7f77",
    "https://esm.sh/@supabase/supabase-js@2.93.2": "110762d3e483a8b61990c96be0e355ddafb3f5ba14ff3eeecf323e343b8bb1a0",
    "https://esm.sh/@supabase/supabase-js@2.93.2/denonext/supabase-js.mjs": "71d3382a1f62429f6845e0209440fecb499e50bf408f437697fec6a2f562e15b",
    "https://esm.sh/iceberg-js@0.8.1/denonext/iceberg-js.mjs": "d839d81a2e3966500ca2cdd0c1cb458e9608bacfc91f7bb67a69b2e878dcdb4f",
    "https://esm.sh/iceberg-js@0.8.1?target=denonext": "58c849d7fe2bf4eca4a84eb501e83c161a7d8c34ca1bec15a962b3bec3062633",
    "https://esm.sh/tslib@2.8.1/denonext/tslib.mjs": "c38da5dd6da6281964435002ce204cd586634fe3bdfb24a0ee116f48cf3292e9"
  },
  "workspace": {
    "packageJson": {
      "dependencies": [
        "npm:@testing-library/jest-dom@^5.16.5",
        "npm:@testing-library/react@^13.4.0",
        "npm:@testing-library/user-event@^13.5.0",
        "npm:aos@^3.0.0-beta.6",
        "npm:axios@^1.3.1",
        "npm:dotenv@^16.0.3",
        "npm:nodemailer@^6.9.0",
        "npm:react-dom@^18.2.0",
        "npm:react-scripts@5.0.1",
        "npm:react@^18.2.0",
        "npm:web-vitals@^2.1.4"
      ]
    }
  }
}
